
Microsoft Visual Studio Solution File, Format Version 12.00
# Visual Studio Version 16
VisualStudioVersion = 16.0.31424.327
MinimumVisualStudioVersion = 10.0.40219.1
Project("{FAE04EC0-301F-11D3-BF4B-00C04F79EFBC}") = "excelConsolidationTool", "excelConsolidationTool.csproj", "{19D8E94C-8471-44D5-8677-34C0766C17E1}"
EndProject
Project("{FAE04EC0-301F-11D3-BF4B-00C04F79EFBC}") = "model.entity", "..\model.entity\model.entity.csproj", "{4F85F6BD-76FE-45A5-BABD-7C6FE398AACC}"
EndProject
Global
	GlobalSection(SolutionConfigurationPlatforms) = preSolution
		Debug|Any CPU = Debug|Any CPU
		Release|Any CPU = Release|Any CPU
	EndGlobalSection
	GlobalSection(ProjectConfigurationPlatforms) = postSolution
		{19D8E94C-8471-44D5-8677-34C0766C17E1}.Debug|Any CPU.ActiveCfg = Debug|Any CPU
		{19D8E94C-8471-44D5-8677-34C0766C17E1}.Debug|Any CPU.Build.0 = Debug|Any CPU
		{19D8E94C-8471-44D5-8677-34C0766C17E1}.Release|Any CPU.ActiveCfg = Release|Any CPU
		{19D8E94C-8471-44D5-8677-34C0766C17E1}.Release|Any CPU.Build.0 = Release|Any CPU
		{4F85F6BD-76FE-45A5-BABD-7C6FE398AACC}.Debug|Any CPU.ActiveCfg = Debug|Any CPU
		{4F85F6BD-76FE-45A5-BABD-7C6FE398AACC}.Debug|Any CPU.Build.0 = Debug|Any CPU
		{4F85F6BD-76FE-45A5-BABD-7C6FE398AACC}.Release|Any CPU.ActiveCfg = Release|Any CPU
		{4F85F6BD-76FE-45A5-BABD-7C6FE398AACC}.Release|Any CPU.Build.0 = Release|Any CPU
	EndGlobalSection
	GlobalSection(SolutionProperties) = preSolution
		HideSolutionNode = FALSE
	EndGlobalSection
	GlobalSection(ExtensibilityGlobals) = postSolution
		SolutionGuid = {A4DDF7AB-B04D-4BBA-9AB3-4C2CCE8C1826}
	EndGlobalSection
EndGlobal
